
Microsoft Visual Studio Solution File, Format Version 12.00
# Visual Studio Version 17
VisualStudioVersion = 17.1.32421.90
MinimumVisualStudioVersion = 10.0.40219.1
Project("{2150E333-8FDC-42A3-9474-1A3956D46DE8}") = "API", "API", "{AB8B5823-677B-4B15-B0B3-C5FCB52F1FAC}"
EndProject
Project("{2150E333-8FDC-42A3-9474-1A3956D46DE8}") = "Tests", "Tests", "{8B5F9F0D-B0C8-4002-86BF-A4679F09FB1E}"
EndProject
Project("{FAE04EC0-301F-11D3-BF4B-00C04F79EFBC}") = "Service.API", "Service.API\Service.API.csproj", "{2F6D949B-DCD7-4280-BE24-9F0B6C375CCD}"
EndProject
Project("{FAE04EC0-301F-11D3-BF4B-00C04F79EFBC}") = "BLL", "BLL\BLL.csproj", "{FCA7413C-D479-4F96-A006-5627A0261855}"
EndProject
Project("{FAE04EC0-301F-11D3-BF4B-00C04F79EFBC}") = "DM", "DM\DM.csproj", "{BDDD6DA0-F3B3-4940-8BB9-19852C3A6C80}"
EndProject
Project("{FAE04EC0-301F-11D3-BF4B-00C04F79EFBC}") = "DAL", "DAL\DAL.csproj", "{82211CA8-C9EB-46D7-811C-2990DD596D47}"
EndProject
Global
	GlobalSection(SolutionConfigurationPlatforms) = preSolution
		Debug|Any CPU = Debug|Any CPU
		Release|Any CPU = Release|Any CPU
	EndGlobalSection
	GlobalSection(ProjectConfigurationPlatforms) = postSolution
		{2F6D949B-DCD7-4280-BE24-9F0B6C375CCD}.Debug|Any CPU.ActiveCfg = Debug|Any CPU
		{2F6D949B-DCD7-4280-BE24-9F0B6C375CCD}.Debug|Any CPU.Build.0 = Debug|Any CPU
		{2F6D949B-DCD7-4280-BE24-9F0B6C375CCD}.Release|Any CPU.ActiveCfg = Release|Any CPU
		{2F6D949B-DCD7-4280-BE24-9F0B6C375CCD}.Release|Any CPU.Build.0 = Release|Any CPU
		{FCA7413C-D479-4F96-A006-5627A0261855}.Debug|Any CPU.ActiveCfg = Debug|Any CPU
		{FCA7413C-D479-4F96-A006-5627A0261855}.Debug|Any CPU.Build.0 = Debug|Any CPU
		{FCA7413C-D479-4F96-A006-5627A0261855}.Release|Any CPU.ActiveCfg = Release|Any CPU
		{FCA7413C-D479-4F96-A006-5627A0261855}.Release|Any CPU.Build.0 = Release|Any CPU
		{BDDD6DA0-F3B3-4940-8BB9-19852C3A6C80}.Debug|Any CPU.ActiveCfg = Debug|Any CPU
		{BDDD6DA0-F3B3-4940-8BB9-19852C3A6C80}.Debug|Any CPU.Build.0 = Debug|Any CPU
		{BDDD6DA0-F3B3-4940-8BB9-19852C3A6C80}.Release|Any CPU.ActiveCfg = Release|Any CPU
		{BDDD6DA0-F3B3-4940-8BB9-19852C3A6C80}.Release|Any CPU.Build.0 = Release|Any CPU
		{82211CA8-C9EB-46D7-811C-2990DD596D47}.Debug|Any CPU.ActiveCfg = Debug|Any CPU
		{82211CA8-C9EB-46D7-811C-2990DD596D47}.Debug|Any CPU.Build.0 = Debug|Any CPU
		{82211CA8-C9EB-46D7-811C-2990DD596D47}.Release|Any CPU.ActiveCfg = Release|Any CPU
		{82211CA8-C9EB-46D7-811C-2990DD596D47}.Release|Any CPU.Build.0 = Release|Any CPU
	EndGlobalSection
	GlobalSection(SolutionProperties) = preSolution
		HideSolutionNode = FALSE
	EndGlobalSection
	GlobalSection(NestedProjects) = preSolution
		{2F6D949B-DCD7-4280-BE24-9F0B6C375CCD} = {AB8B5823-677B-4B15-B0B3-C5FCB52F1FAC}
	EndGlobalSection
	GlobalSection(ExtensibilityGlobals) = postSolution
		SolutionGuid = {58928E7D-583A-4E94-9047-21E0D32C606B}
	EndGlobalSection
EndGlobal
