
Microsoft Visual Studio Solution File, Format Version 12.00
# Visual Studio Version 17
VisualStudioVersion = 17.1.32421.90
MinimumVisualStudioVersion = 10.0.40219.1
Project("{2150E333-8FDC-42A3-9474-1A3956D46DE8}") = "API", "API", "{AB8B5823-677B-4B15-B0B3-C5FCB52F1FAC}"
EndProject
Project("{2150E333-8FDC-42A3-9474-1A3956D46DE8}") = "Tests", "Tests", "{8B5F9F0D-B0C8-4002-86BF-A4679F09FB1E}"
EndProject
Project("{9A19103F-16F7-4668-BE54-9A1E7A4F7556}") = "BLL", "BLL\BLL.csproj", "{FCA7413C-D479-4F96-A006-5627A0261855}"
EndProject
Project("{9A19103F-16F7-4668-BE54-9A1E7A4F7556}") = "DM", "DM\DM.csproj", "{BDDD6DA0-F3B3-4940-8BB9-19852C3A6C80}"
EndProject
Project("{9A19103F-16F7-4668-BE54-9A1E7A4F7556}") = "DAL", "DAL\DAL.csproj", "{82211CA8-C9EB-46D7-811C-2990DD596D47}"
EndProject
Project("{9A19103F-16F7-4668-BE54-9A1E7A4F7556}") = "Service.API", "Service.API\Service.API.csproj", "{C8F310F4-6612-4EC5-B5A4-C550011EE6F2}"
EndProject
Global
	GlobalSection(SolutionConfigurationPlatforms) = preSolution
		Debug|Any CPU = Debug|Any CPU
		Debug|x64 = Debug|x64
		Release|Any CPU = Release|Any CPU
		Release|x64 = Release|x64
	EndGlobalSection
	GlobalSection(ProjectConfigurationPlatforms) = postSolution
		{FCA7413C-D479-4F96-A006-5627A0261855}.Debug|Any CPU.ActiveCfg = Debug|Any CPU
		{FCA7413C-D479-4F96-A006-5627A0261855}.Debug|Any CPU.Build.0 = Debug|Any CPU
		{FCA7413C-D479-4F96-A006-5627A0261855}.Debug|x64.ActiveCfg = Debug|x64
		{FCA7413C-D479-4F96-A006-5627A0261855}.Debug|x64.Build.0 = Debug|x64
		{FCA7413C-D479-4F96-A006-5627A0261855}.Release|Any CPU.ActiveCfg = Release|Any CPU
		{FCA7413C-D479-4F96-A006-5627A0261855}.Release|Any CPU.Build.0 = Release|Any CPU
		{FCA7413C-D479-4F96-A006-5627A0261855}.Release|x64.ActiveCfg = Release|x64
		{FCA7413C-D479-4F96-A006-5627A0261855}.Release|x64.Build.0 = Release|x64
		{BDDD6DA0-F3B3-4940-8BB9-19852C3A6C80}.Debug|Any CPU.ActiveCfg = Debug|Any CPU
		{BDDD6DA0-F3B3-4940-8BB9-19852C3A6C80}.Debug|Any CPU.Build.0 = Debug|Any CPU
		{BDDD6DA0-F3B3-4940-8BB9-19852C3A6C80}.Debug|x64.ActiveCfg = Debug|x64
		{BDDD6DA0-F3B3-4940-8BB9-19852C3A6C80}.Debug|x64.Build.0 = Debug|x64
		{BDDD6DA0-F3B3-4940-8BB9-19852C3A6C80}.Release|Any CPU.ActiveCfg = Release|Any CPU
		{BDDD6DA0-F3B3-4940-8BB9-19852C3A6C80}.Release|Any CPU.Build.0 = Release|Any CPU
		{BDDD6DA0-F3B3-4940-8BB9-19852C3A6C80}.Release|x64.ActiveCfg = Release|x64
		{BDDD6DA0-F3B3-4940-8BB9-19852C3A6C80}.Release|x64.Build.0 = Release|x64
		{82211CA8-C9EB-46D7-811C-2990DD596D47}.Debug|Any CPU.ActiveCfg = Debug|Any CPU
		{82211CA8-C9EB-46D7-811C-2990DD596D47}.Debug|Any CPU.Build.0 = Debug|Any CPU
		{82211CA8-C9EB-46D7-811C-2990DD596D47}.Debug|x64.ActiveCfg = Debug|x64
		{82211CA8-C9EB-46D7-811C-2990DD596D47}.Debug|x64.Build.0 = Debug|x64
		{82211CA8-C9EB-46D7-811C-2990DD596D47}.Release|Any CPU.ActiveCfg = Release|Any CPU
		{82211CA8-C9EB-46D7-811C-2990DD596D47}.Release|Any CPU.Build.0 = Release|Any CPU
		{82211CA8-C9EB-46D7-811C-2990DD596D47}.Release|x64.ActiveCfg = Release|x64
		{82211CA8-C9EB-46D7-811C-2990DD596D47}.Release|x64.Build.0 = Release|x64
		{C8F310F4-6612-4EC5-B5A4-C550011EE6F2}.Debug|Any CPU.ActiveCfg = Debug|Any CPU
		{C8F310F4-6612-4EC5-B5A4-C550011EE6F2}.Debug|Any CPU.Build.0 = Debug|Any CPU
		{C8F310F4-6612-4EC5-B5A4-C550011EE6F2}.Debug|x64.ActiveCfg = Debug|x64
		{C8F310F4-6612-4EC5-B5A4-C550011EE6F2}.Debug|x64.Build.0 = Debug|x64
		{C8F310F4-6612-4EC5-B5A4-C550011EE6F2}.Release|Any CPU.ActiveCfg = Release|Any CPU
		{C8F310F4-6612-4EC5-B5A4-C550011EE6F2}.Release|Any CPU.Build.0 = Release|Any CPU
		{C8F310F4-6612-4EC5-B5A4-C550011EE6F2}.Release|x64.ActiveCfg = Release|x64
		{C8F310F4-6612-4EC5-B5A4-C550011EE6F2}.Release|x64.Build.0 = Release|x64
	EndGlobalSection
	GlobalSection(SolutionProperties) = preSolution
		HideSolutionNode = FALSE
	EndGlobalSection
	GlobalSection(NestedProjects) = preSolution
		{C8F310F4-6612-4EC5-B5A4-C550011EE6F2} = {AB8B5823-677B-4B15-B0B3-C5FCB52F1FAC}
	EndGlobalSection
	GlobalSection(ExtensibilityGlobals) = postSolution
		SolutionGuid = {58928E7D-583A-4E94-9047-21E0D32C606B}
	EndGlobalSection
EndGlobal
